
Microsoft Visual Studio Solution File, Format Version 12.00
# Visual Studio Version 17
VisualStudioVersion = 17.3.32901.215
MinimumVisualStudioVersion = 10.0.40219.1
Project("{FAE04EC0-301F-11D3-BF4B-00C04F79EFBC}") = "HomeW0rk3", "HomeW0rk3\HomeW0rk3.csproj", "{A5AEA399-2EEA-49D2-8294-04F4571B9900}"
EndProject
Global
	GlobalSection(SolutionConfigurationPlatforms) = preSolution
		Debug|Any CPU = Debug|Any CPU
		Release|Any CPU = Release|Any CPU
	EndGlobalSection
	GlobalSection(ProjectConfigurationPlatforms) = postSolution
		{A5AEA399-2EEA-49D2-8294-04F4571B9900}.Debug|Any CPU.ActiveCfg = Debug|Any CPU
		{A5AEA399-2EEA-49D2-8294-04F4571B9900}.Debug|Any CPU.Build.0 = Debug|Any CPU
		{A5AEA399-2EEA-49D2-8294-04F4571B9900}.Release|Any CPU.ActiveCfg = Release|Any CPU
		{A5AEA399-2EEA-49D2-8294-04F4571B9900}.Release|Any CPU.Build.0 = Release|Any CPU
	EndGlobalSection
	GlobalSection(SolutionProperties) = preSolution
		HideSolutionNode = FALSE
	EndGlobalSection
	GlobalSection(ExtensibilityGlobals) = postSolution
		SolutionGuid = {4D3D4A12-01DF-4B4D-8E1C-C71BA694D04F}
	EndGlobalSection
EndGlobal
